
Microsoft Visual Studio Solution File, Format Version 12.00
# Visual Studio Version 17
VisualStudioVersion = 17.0.31903.59
MinimumVisualStudioVersion = 10.0.40219.1
Project("{2150E333-8FDC-42A3-9474-1A3956D46DE8}") = "src", "src", "{827E0CD3-B72D-47B6-A68D-7590B98EB39B}"
EndProject
Project("{FAE04EC0-301F-11D3-BF4B-00C04F79EFBC}") = "OrderFlow.Domain", "src\OrderFlow.Domain\OrderFlow.Domain.csproj", "{FCFC37C7-6B0B-44FD-B1A6-37D8CD76A1C7}"
EndProject
Project("{FAE04EC0-301F-11D3-BF4B-00C04F79EFBC}") = "OrderFlow.Application", "src\OrderFlow.Application\OrderFlow.Application.csproj", "{84190236-1E93-4D8D-871B-8D49686AFEE8}"
EndProject
Project("{FAE04EC0-301F-11D3-BF4B-00C04F79EFBC}") = "OrderFlow.Infrastructure", "src\OrderFlow.Infrastructure\OrderFlow.Infrastructure.csproj", "{33690AA7-7C21-479C-BC67-35008F4693FE}"
EndProject
Project("{FAE04EC0-301F-11D3-BF4B-00C04F79EFBC}") = "OrderFlow.Api", "src\OrderFlow.Api\OrderFlow.Api.csproj", "{63DDBE0D-51B5-4EAD-9BE8-B5485E3C9E52}"
EndProject
Project("{FAE04EC0-301F-11D3-BF4B-00C04F79EFBC}") = "OrderFlow.Worker", "src\OrderFlow.Worker\OrderFlow.Worker.csproj", "{FCEFA502-84F8-4070-A404-E28E91188454}"
EndProject
Project("{2150E333-8FDC-42A3-9474-1A3956D46DE8}") = "tests", "tests", "{0AB3BF05-4346-4AA6-1389-037BE0695223}"
EndProject
Project("{FAE04EC0-301F-11D3-BF4B-00C04F79EFBC}") = "OrderFlow.UnitTests", "tests\OrderFlow.UnitTests\OrderFlow.UnitTests.csproj", "{8797F526-690E-4ABC-8D0A-D1272587A412}"
EndProject
Project("{FAE04EC0-301F-11D3-BF4B-00C04F79EFBC}") = "OrderFlow.IntegrationTests", "tests\OrderFlow.IntegrationTests\OrderFlow.IntegrationTests.csproj", "{1FFB16C4-1B44-471B-9394-0733AE0B7A91}"
EndProject
Global
	GlobalSection(SolutionConfigurationPlatforms) = preSolution
		Debug|Any CPU = Debug|Any CPU
		Debug|x64 = Debug|x64
		Debug|x86 = Debug|x86
		Release|Any CPU = Release|Any CPU
		Release|x64 = Release|x64
		Release|x86 = Release|x86
	EndGlobalSection
	GlobalSection(ProjectConfigurationPlatforms) = postSolution
		{FCFC37C7-6B0B-44FD-B1A6-37D8CD76A1C7}.Debug|Any CPU.ActiveCfg = Debug|Any CPU
		{FCFC37C7-6B0B-44FD-B1A6-37D8CD76A1C7}.Debug|Any CPU.Build.0 = Debug|Any CPU
		{FCFC37C7-6B0B-44FD-B1A6-37D8CD76A1C7}.Debug|x64.ActiveCfg = Debug|Any CPU
		{FCFC37C7-6B0B-44FD-B1A6-37D8CD76A1C7}.Debug|x64.Build.0 = Debug|Any CPU
		{FCFC37C7-6B0B-44FD-B1A6-37D8CD76A1C7}.Debug|x86.ActiveCfg = Debug|Any CPU
		{FCFC37C7-6B0B-44FD-B1A6-37D8CD76A1C7}.Debug|x86.Build.0 = Debug|Any CPU
		{FCFC37C7-6B0B-44FD-B1A6-37D8CD76A1C7}.Release|Any CPU.ActiveCfg = Release|Any CPU
		{FCFC37C7-6B0B-44FD-B1A6-37D8CD76A1C7}.Release|Any CPU.Build.0 = Release|Any CPU
		{FCFC37C7-6B0B-44FD-B1A6-37D8CD76A1C7}.Release|x64.ActiveCfg = Release|Any CPU
		{FCFC37C7-6B0B-44FD-B1A6-37D8CD76A1C7}.Release|x64.Build.0 = Release|Any CPU
		{FCFC37C7-6B0B-44FD-B1A6-37D8CD76A1C7}.Release|x86.ActiveCfg = Release|Any CPU
		{FCFC37C7-6B0B-44FD-B1A6-37D8CD76A1C7}.Release|x86.Build.0 = Release|Any CPU
		{84190236-1E93-4D8D-871B-8D49686AFEE8}.Debug|Any CPU.ActiveCfg = Debug|Any CPU
		{84190236-1E93-4D8D-871B-8D49686AFEE8}.Debug|Any CPU.Build.0 = Debug|Any CPU
		{84190236-1E93-4D8D-871B-8D49686AFEE8}.Debug|x64.ActiveCfg = Debug|Any CPU
		{84190236-1E93-4D8D-871B-8D49686AFEE8}.Debug|x64.Build.0 = Debug|Any CPU
		{84190236-1E93-4D8D-871B-8D49686AFEE8}.Debug|x86.ActiveCfg = Debug|Any CPU
		{84190236-1E93-4D8D-871B-8D49686AFEE8}.Debug|x86.Build.0 = Debug|Any CPU
		{84190236-1E93-4D8D-871B-8D49686AFEE8}.Release|Any CPU.ActiveCfg = Release|Any CPU
		{84190236-1E93-4D8D-871B-8D49686AFEE8}.Release|Any CPU.Build.0 = Release|Any CPU
		{84190236-1E93-4D8D-871B-8D49686AFEE8}.Release|x64.ActiveCfg = Release|Any CPU
		{84190236-1E93-4D8D-871B-8D49686AFEE8}.Release|x64.Build.0 = Release|Any CPU
		{84190236-1E93-4D8D-871B-8D49686AFEE8}.Release|x86.ActiveCfg = Release|Any CPU
		{84190236-1E93-4D8D-871B-8D49686AFEE8}.Release|x86.Build.0 = Release|Any CPU
		{33690AA7-7C21-479C-BC67-35008F4693FE}.Debug|Any CPU.ActiveCfg = Debug|Any CPU
		{33690AA7-7C21-479C-BC67-35008F4693FE}.Debug|Any CPU.Build.0 = Debug|Any CPU
		{33690AA7-7C21-479C-BC67-35008F4693FE}.Debug|x64.ActiveCfg = Debug|Any CPU
		{33690AA7-7C21-479C-BC67-35008F4693FE}.Debug|x64.Build.0 = Debug|Any CPU
		{33690AA7-7C21-479C-BC67-35008F4693FE}.Debug|x86.ActiveCfg = Debug|Any CPU
		{33690AA7-7C21-479C-BC67-35008F4693FE}.Debug|x86.Build.0 = Debug|Any CPU
		{33690AA7-7C21-479C-BC67-35008F4693FE}.Release|Any CPU.ActiveCfg = Release|Any CPU
		{33690AA7-7C21-479C-BC67-35008F4693FE}.Release|Any CPU.Build.0 = Release|Any CPU
		{33690AA7-7C21-479C-BC67-35008F4693FE}.Release|x64.ActiveCfg = Release|Any CPU
		{33690AA7-7C21-479C-BC67-35008F4693FE}.Release|x64.Build.0 = Release|Any CPU
		{33690AA7-7C21-479C-BC67-35008F4693FE}.Release|x86.ActiveCfg = Release|Any CPU
		{33690AA7-7C21-479C-BC67-35008F4693FE}.Release|x86.Build.0 = Release|Any CPU
		{63DDBE0D-51B5-4EAD-9BE8-B5485E3C9E52}.Debug|Any CPU.ActiveCfg = Debug|Any CPU
		{63DDBE0D-51B5-4EAD-9BE8-B5485E3C9E52}.Debug|Any CPU.Build.0 = Debug|Any CPU
		{63DDBE0D-51B5-4EAD-9BE8-B5485E3C9E52}.Debug|x64.ActiveCfg = Debug|Any CPU
		{63DDBE0D-51B5-4EAD-9BE8-B5485E3C9E52}.Debug|x64.Build.0 = Debug|Any CPU
		{63DDBE0D-51B5-4EAD-9BE8-B5485E3C9E52}.Debug|x86.ActiveCfg = Debug|Any CPU
		{63DDBE0D-51B5-4EAD-9BE8-B5485E3C9E52}.Debug|x86.Build.0 = Debug|Any CPU
		{63DDBE0D-51B5-4EAD-9BE8-B5485E3C9E52}.Release|Any CPU.ActiveCfg = Release|Any CPU
		{63DDBE0D-51B5-4EAD-9BE8-B5485E3C9E52}.Release|Any CPU.Build.0 = Release|Any CPU
		{63DDBE0D-51B5-4EAD-9BE8-B5485E3C9E52}.Release|x64.ActiveCfg = Release|Any CPU
		{63DDBE0D-51B5-4EAD-9BE8-B5485E3C9E52}.Release|x64.Build.0 = Release|Any CPU
		{63DDBE0D-51B5-4EAD-9BE8-B5485E3C9E52}.Release|x86.ActiveCfg = Release|Any CPU
		{63DDBE0D-51B5-4EAD-9BE8-B5485E3C9E52}.Release|x86.Build.0 = Release|Any CPU
		{FCEFA502-84F8-4070-A404-E28E91188454}.Debug|Any CPU.ActiveCfg = Debug|Any CPU
		{FCEFA502-84F8-4070-A404-E28E91188454}.Debug|Any CPU.Build.0 = Debug|Any CPU
		{FCEFA502-84F8-4070-A404-E28E91188454}.Debug|x64.ActiveCfg = Debug|Any CPU
		{FCEFA502-84F8-4070-A404-E28E91188454}.Debug|x64.Build.0 = Debug|Any CPU
		{FCEFA502-84F8-4070-A404-E28E91188454}.Debug|x86.ActiveCfg = Debug|Any CPU
		{FCEFA502-84F8-4070-A404-E28E91188454}.Debug|x86.Build.0 = Debug|Any CPU
		{FCEFA502-84F8-4070-A404-E28E91188454}.Release|Any CPU.ActiveCfg = Release|Any CPU
		{FCEFA502-84F8-4070-A404-E28E91188454}.Release|Any CPU.Build.0 = Release|Any CPU
		{FCEFA502-84F8-4070-A404-E28E91188454}.Release|x64.ActiveCfg = Release|Any CPU
		{FCEFA502-84F8-4070-A404-E28E91188454}.Release|x64.Build.0 = Release|Any CPU
		{FCEFA502-84F8-4070-A404-E28E91188454}.Release|x86.ActiveCfg = Release|Any CPU
		{FCEFA502-84F8-4070-A404-E28E91188454}.Release|x86.Build.0 = Release|Any CPU
		{8797F526-690E-4ABC-8D0A-D1272587A412}.Debug|Any CPU.ActiveCfg = Debug|Any CPU
		{8797F526-690E-4ABC-8D0A-D1272587A412}.Debug|Any CPU.Build.0 = Debug|Any CPU
		{8797F526-690E-4ABC-8D0A-D1272587A412}.Debug|x64.ActiveCfg = Debug|Any CPU
		{8797F526-690E-4ABC-8D0A-D1272587A412}.Debug|x64.Build.0 = Debug|Any CPU
		{8797F526-690E-4ABC-8D0A-D1272587A412}.Debug|x86.ActiveCfg = Debug|Any CPU
		{8797F526-690E-4ABC-8D0A-D1272587A412}.Debug|x86.Build.0 = Debug|Any CPU
		{8797F526-690E-4ABC-8D0A-D1272587A412}.Release|Any CPU.ActiveCfg = Release|Any CPU
		{8797F526-690E-4ABC-8D0A-D1272587A412}.Release|Any CPU.Build.0 = Release|Any CPU
		{8797F526-690E-4ABC-8D0A-D1272587A412}.Release|x64.ActiveCfg = Release|Any CPU
		{8797F526-690E-4ABC-8D0A-D1272587A412}.Release|x64.Build.0 = Release|Any CPU
		{8797F526-690E-4ABC-8D0A-D1272587A412}.Release|x86.ActiveCfg = Release|Any CPU
		{8797F526-690E-4ABC-8D0A-D1272587A412}.Release|x86.Build.0 = Release|Any CPU
		{1FFB16C4-1B44-471B-9394-0733AE0B7A91}.Debug|Any CPU.ActiveCfg = Debug|Any CPU
		{1FFB16C4-1B44-471B-9394-0733AE0B7A91}.Debug|Any CPU.Build.0 = Debug|Any CPU
		{1FFB16C4-1B44-471B-9394-0733AE0B7A91}.Debug|x64.ActiveCfg = Debug|Any CPU
		{1FFB16C4-1B44-471B-9394-0733AE0B7A91}.Debug|x64.Build.0 = Debug|Any CPU
		{1FFB16C4-1B44-471B-9394-0733AE0B7A91}.Debug|x86.ActiveCfg = Debug|Any CPU
		{1FFB16C4-1B44-471B-9394-0733AE0B7A91}.Debug|x86.Build.0 = Debug|Any CPU
		{1FFB16C4-1B44-471B-9394-0733AE0B7A91}.Release|Any CPU.ActiveCfg = Release|Any CPU
		{1FFB16C4-1B44-471B-9394-0733AE0B7A91}.Release|Any CPU.Build.0 = Release|Any CPU
		{1FFB16C4-1B44-471B-9394-0733AE0B7A91}.Release|x64.ActiveCfg = Release|Any CPU
		{1FFB16C4-1B44-471B-9394-0733AE0B7A91}.Release|x64.Build.0 = Release|Any CPU
		{1FFB16C4-1B44-471B-9394-0733AE0B7A91}.Release|x86.ActiveCfg = Release|Any CPU
		{1FFB16C4-1B44-471B-9394-0733AE0B7A91}.Release|x86.Build.0 = Release|Any CPU
	EndGlobalSection
	GlobalSection(SolutionProperties) = preSolution
		HideSolutionNode = FALSE
	EndGlobalSection
	GlobalSection(NestedProjects) = preSolution
		{FCFC37C7-6B0B-44FD-B1A6-37D8CD76A1C7} = {827E0CD3-B72D-47B6-A68D-7590B98EB39B}
		{84190236-1E93-4D8D-871B-8D49686AFEE8} = {827E0CD3-B72D-47B6-A68D-7590B98EB39B}
		{33690AA7-7C21-479C-BC67-35008F4693FE} = {827E0CD3-B72D-47B6-A68D-7590B98EB39B}
		{63DDBE0D-51B5-4EAD-9BE8-B5485E3C9E52} = {827E0CD3-B72D-47B6-A68D-7590B98EB39B}
		{FCEFA502-84F8-4070-A404-E28E91188454} = {827E0CD3-B72D-47B6-A68D-7590B98EB39B}
		{8797F526-690E-4ABC-8D0A-D1272587A412} = {0AB3BF05-4346-4AA6-1389-037BE0695223}
		{1FFB16C4-1B44-471B-9394-0733AE0B7A91} = {0AB3BF05-4346-4AA6-1389-037BE0695223}
	EndGlobalSection
EndGlobal
